{
    "name": "azure-cognitive-services-demo",
    "version": "1.0.0",
    "lockfileVersion": 2,
    "dependencies": {
      "axios": {
        "version": "0.21.1",
        "resolved": "https://registry.npmjs.org/axios/-/axios-0.21.1.tgz",
        "integrity": "sha512-pzjw8f+ua7Kw1ti6UuKhQ+cl/T7yMckZ7Ycm9C1Pj0a5z2aUnjI68Q7p+kzqZT9ySz4fGlv9FxAM9QyIvmO0KA=="
      },
      "react": {
        "version": "17.0.2",
        "resolved": "https://registry.npmjs.org/react/-/react-17.0.2.tgz",
        "integrity": "sha512-7F6NxA6Gb6eqFsmuJbAk6JqfPYfW3VdBhc71P8nP06xFV5QhpXxd64jKcV7pd1Ch5zFfiBRtTo7T5nyCLO01Ug=="
      },
      "react-dom": {
        "version": "17.0.2",
        "resolved": "https://registry.npmjs.org/react-dom/-/react-dom-17.0.2.tgz",
        "integrity": "sha512-mzQvqFE+aIXh8JreV7tN8KkJb9pnqbz2j+Gdv1lYoQw/NKJ7OV9kh1LD8cgHn9jrBY+tuoITtpNf47w9P9lfQg=="
      },
      "react-scripts": {
        "version": "4.0.3",
        "resolved": "https://registry.npmjs.org/react-scripts/-/react-scripts-4.0.3.tgz",
        "integrity": "sha512-B1OvfAkjEOkA82ErztnKdtfxXj0ddfQTXpt0vntFxTjFQ3yco0O1Vllz5VKPpVjZ+x4pD3JZQKmifT2qdthfQQ=="
      },
      "react-speech-recognition": {
        "version": "2.1.0",
        "resolved": "https://registry.npmjs.org/react-speech-recognition/-/react-speech-recognition-2.1.0.tgz",
        "integrity": "sha512-LOH0m++mUMgfDp1OguOZGRLPzMcavdHRIcydSKufTKXxuYBr+KwRrlTjsXvACiSZSSjjFLZYqGrsTA1m/xkIYg=="
      }
    }
  }
  